
Microsoft Visual Studio Solution File, Format Version 12.00
# Visual Studio Version 16
VisualStudioVersion = 16.0.29905.134
MinimumVisualStudioVersion = 10.0.40219.1
Project("{FAE04EC0-301F-11D3-BF4B-00C04F79EFBC}") = "SingleResponsibilityPrinciple", "SingleResponsibilityPrinciple\SingleResponsibilityPrinciple.csproj", "{7C9E0BE4-50F7-43A2-9A83-D10A056F35BB}"
EndProject
Global
	GlobalSection(SolutionConfigurationPlatforms) = preSolution
		Debug|Any CPU = Debug|Any CPU
		Release|Any CPU = Release|Any CPU
	EndGlobalSection
	GlobalSection(ProjectConfigurationPlatforms) = postSolution
		{7C9E0BE4-50F7-43A2-9A83-D10A056F35BB}.Debug|Any CPU.ActiveCfg = Debug|Any CPU
		{7C9E0BE4-50F7-43A2-9A83-D10A056F35BB}.Debug|Any CPU.Build.0 = Debug|Any CPU
		{7C9E0BE4-50F7-43A2-9A83-D10A056F35BB}.Release|Any CPU.ActiveCfg = Release|Any CPU
		{7C9E0BE4-50F7-43A2-9A83-D10A056F35BB}.Release|Any CPU.Build.0 = Release|Any CPU
	EndGlobalSection
	GlobalSection(SolutionProperties) = preSolution
		HideSolutionNode = FALSE
	EndGlobalSection
	GlobalSection(ExtensibilityGlobals) = postSolution
		SolutionGuid = {E3CE3E62-BA04-494B-8DCF-0140D1CD0665}
	EndGlobalSection
EndGlobal
