
Microsoft Visual Studio Solution File, Format Version 12.00
# Visual Studio Version 16
VisualStudioVersion = 16.0.29905.134
MinimumVisualStudioVersion = 10.0.40219.1
Project("{FAE04EC0-301F-11D3-BF4B-00C04F79EFBC}") = "YazilimTasarimKaliplari", "YazilimTasarimKaliplari\YazilimTasarimKaliplari.csproj", "{BC7BD691-3EFC-4AF4-BADE-F617CA68F47C}"
EndProject
Global
	GlobalSection(SolutionConfigurationPlatforms) = preSolution
		Debug|Any CPU = Debug|Any CPU
		Release|Any CPU = Release|Any CPU
	EndGlobalSection
	GlobalSection(ProjectConfigurationPlatforms) = postSolution
		{BC7BD691-3EFC-4AF4-BADE-F617CA68F47C}.Debug|Any CPU.ActiveCfg = Debug|Any CPU
		{BC7BD691-3EFC-4AF4-BADE-F617CA68F47C}.Debug|Any CPU.Build.0 = Debug|Any CPU
		{BC7BD691-3EFC-4AF4-BADE-F617CA68F47C}.Release|Any CPU.ActiveCfg = Release|Any CPU
		{BC7BD691-3EFC-4AF4-BADE-F617CA68F47C}.Release|Any CPU.Build.0 = Release|Any CPU
	EndGlobalSection
	GlobalSection(SolutionProperties) = preSolution
		HideSolutionNode = FALSE
	EndGlobalSection
	GlobalSection(ExtensibilityGlobals) = postSolution
		SolutionGuid = {3A7ECDA3-F47A-45F0-B1ED-C93CF1B7038C}
	EndGlobalSection
EndGlobal
